
Microsoft Visual Studio Solution File, Format Version 12.00
# Visual Studio 15
VisualStudioVersion = 15.0.27703.2035
MinimumVisualStudioVersion = 10.0.40219.1
Project("{FAE04EC0-301F-11D3-BF4B-00C04F79EFBC}") = "LersAppUI", "LersAppUI\LersAppUI.csproj", "{A445A358-F6D0-43D3-B875-5E8065D644E5}"
EndProject
Project("{FAE04EC0-301F-11D3-BF4B-00C04F79EFBC}") = "LersAppConsole", "LersAppConsole\LersAppConsole.csproj", "{F9796FCB-C649-4C16-80C5-CE5FDBC49875}"
EndProject
Project("{FAE04EC0-301F-11D3-BF4B-00C04F79EFBC}") = "LersAppEntity", "LersEntity\LersAppEntity.csproj", "{BBF6CDC1-2EE9-4A40-AC1F-91329AA9F6A8}"
EndProject
Project("{FAE04EC0-301F-11D3-BF4B-00C04F79EFBC}") = "LersAppHelper", "LersAppHelper\LersAppHelper.csproj", "{40FBF2F2-8E8F-48C2-9DF8-3E4980B66664}"
EndProject
Project("{2150E333-8FDC-42A3-9474-1A3956D46DE8}") = "Solution Items", "Solution Items", "{7F1E01DB-9115-4AC8-A887-A84025347E46}"
	ProjectSection(SolutionItems) = preProject
		.gitignore = .gitignore
	EndProjectSection
EndProject
Global
	GlobalSection(SolutionConfigurationPlatforms) = preSolution
		Debug|Any CPU = Debug|Any CPU
		Release|Any CPU = Release|Any CPU
	EndGlobalSection
	GlobalSection(ProjectConfigurationPlatforms) = postSolution
		{A445A358-F6D0-43D3-B875-5E8065D644E5}.Debug|Any CPU.ActiveCfg = Debug|Any CPU
		{A445A358-F6D0-43D3-B875-5E8065D644E5}.Debug|Any CPU.Build.0 = Debug|Any CPU
		{A445A358-F6D0-43D3-B875-5E8065D644E5}.Release|Any CPU.ActiveCfg = Release|Any CPU
		{A445A358-F6D0-43D3-B875-5E8065D644E5}.Release|Any CPU.Build.0 = Release|Any CPU
		{F9796FCB-C649-4C16-80C5-CE5FDBC49875}.Debug|Any CPU.ActiveCfg = Debug|Any CPU
		{F9796FCB-C649-4C16-80C5-CE5FDBC49875}.Debug|Any CPU.Build.0 = Debug|Any CPU
		{F9796FCB-C649-4C16-80C5-CE5FDBC49875}.Release|Any CPU.ActiveCfg = Release|Any CPU
		{F9796FCB-C649-4C16-80C5-CE5FDBC49875}.Release|Any CPU.Build.0 = Release|Any CPU
		{BBF6CDC1-2EE9-4A40-AC1F-91329AA9F6A8}.Debug|Any CPU.ActiveCfg = Debug|Any CPU
		{BBF6CDC1-2EE9-4A40-AC1F-91329AA9F6A8}.Debug|Any CPU.Build.0 = Debug|Any CPU
		{BBF6CDC1-2EE9-4A40-AC1F-91329AA9F6A8}.Release|Any CPU.ActiveCfg = Release|Any CPU
		{BBF6CDC1-2EE9-4A40-AC1F-91329AA9F6A8}.Release|Any CPU.Build.0 = Release|Any CPU
		{40FBF2F2-8E8F-48C2-9DF8-3E4980B66664}.Debug|Any CPU.ActiveCfg = Debug|Any CPU
		{40FBF2F2-8E8F-48C2-9DF8-3E4980B66664}.Debug|Any CPU.Build.0 = Debug|Any CPU
		{40FBF2F2-8E8F-48C2-9DF8-3E4980B66664}.Release|Any CPU.ActiveCfg = Release|Any CPU
		{40FBF2F2-8E8F-48C2-9DF8-3E4980B66664}.Release|Any CPU.Build.0 = Release|Any CPU
	EndGlobalSection
	GlobalSection(SolutionProperties) = preSolution
		HideSolutionNode = FALSE
	EndGlobalSection
	GlobalSection(ExtensibilityGlobals) = postSolution
		SolutionGuid = {6A2ACB8C-B93C-4787-98D4-56CEB18D5282}
	EndGlobalSection
EndGlobal
